Microsoft Visual Studio Solution File, Format Version 12.00
# Visual Studio Version 17
VisualStudioVersion = 17.0.31903.59
MinimumVisualStudioVersion = 10.0.40219.1
Project("{FAE04EC0-301F-11D3-BF4B-00C04F79EFBC}") = "server", "server\server.csproj", "{DB9EF3E8-B224-4BC6-BAD1-99A064B35147}"
EndProject
Project("{FAE04EC0-301F-11D3-BF4B-00C04F79EFBC}") = "Domain", "Domain\Domain.csproj", "{2C5A3E87-70E5-46EB-BF6C-2C7AA8E21992}"
EndProject
Project("{FAE04EC0-301F-11D3-BF4B-00C04F79EFBC}") = "Bussiness", "Bussiness\Bussiness.csproj", "{49CD3400-AD3C-4F13-A461-D983ADC38658}"
EndProject
Project("{FAE04EC0-301F-11D3-BF4B-00C04F79EFBC}") = "Repository", "Repository\Repository.csproj", "{DB194338-BE84-4740-B812-D7230FFD48E8}"
EndProject
Project("{FAE04EC0-301F-11D3-BF4B-00C04F79EFBC}") = "DbDeployment", "DbDeployment\DbDeployment.csproj", "{8D6E953B-53CB-4794-B137-454BF2C2E169}"
EndProject
Project("{2150E333-8FDC-42A3-9474-1A3956D46DE8}") = "Solution Items", "Solution Items", "{451D602C-CE51-4146-B130-1D0C327EB03F}"
	ProjectSection(SolutionItems) = preProject
		ReadMe.txt = ReadMe.txt
	EndProjectSection
EndProject
Global
	GlobalSection(SolutionConfigurationPlatforms) = preSolution
		Debug|Any CPU = Debug|Any CPU
		Release|Any CPU = Release|Any CPU
	EndGlobalSection
	GlobalSection(ProjectConfigurationPlatforms) = postSolution
		{DB9EF3E8-B224-4BC6-BAD1-99A064B35147}.Debug|Any CPU.ActiveCfg = Debug|Any CPU
		{DB9EF3E8-B224-4BC6-BAD1-99A064B35147}.Debug|Any CPU.Build.0 = Debug|Any CPU
		{DB9EF3E8-B224-4BC6-BAD1-99A064B35147}.Release|Any CPU.ActiveCfg = Release|Any CPU
		{DB9EF3E8-B224-4BC6-BAD1-99A064B35147}.Release|Any CPU.Build.0 = Release|Any CPU
		{2C5A3E87-70E5-46EB-BF6C-2C7AA8E21992}.Debug|Any CPU.ActiveCfg = Debug|Any CPU
		{2C5A3E87-70E5-46EB-BF6C-2C7AA8E21992}.Debug|Any CPU.Build.0 = Debug|Any CPU
		{2C5A3E87-70E5-46EB-BF6C-2C7AA8E21992}.Release|Any CPU.ActiveCfg = Release|Any CPU
		{2C5A3E87-70E5-46EB-BF6C-2C7AA8E21992}.Release|Any CPU.Build.0 = Release|Any CPU
		{49CD3400-AD3C-4F13-A461-D983ADC38658}.Debug|Any CPU.ActiveCfg = Debug|Any CPU
		{49CD3400-AD3C-4F13-A461-D983ADC38658}.Debug|Any CPU.Build.0 = Debug|Any CPU
		{49CD3400-AD3C-4F13-A461-D983ADC38658}.Release|Any CPU.ActiveCfg = Release|Any CPU
		{49CD3400-AD3C-4F13-A461-D983ADC38658}.Release|Any CPU.Build.0 = Release|Any CPU
		{DB194338-BE84-4740-B812-D7230FFD48E8}.Debug|Any CPU.ActiveCfg = Debug|Any CPU
		{DB194338-BE84-4740-B812-D7230FFD48E8}.Debug|Any CPU.Build.0 = Debug|Any CPU
		{DB194338-BE84-4740-B812-D7230FFD48E8}.Release|Any CPU.ActiveCfg = Release|Any CPU
		{DB194338-BE84-4740-B812-D7230FFD48E8}.Release|Any CPU.Build.0 = Release|Any CPU
		{8D6E953B-53CB-4794-B137-454BF2C2E169}.Debug|Any CPU.ActiveCfg = Debug|Any CPU
		{8D6E953B-53CB-4794-B137-454BF2C2E169}.Debug|Any CPU.Build.0 = Debug|Any CPU
		{8D6E953B-53CB-4794-B137-454BF2C2E169}.Release|Any CPU.ActiveCfg = Release|Any CPU
		{8D6E953B-53CB-4794-B137-454BF2C2E169}.Release|Any CPU.Build.0 = Release|Any CPU
	EndGlobalSection
	GlobalSection(SolutionProperties) = preSolution
		HideSolutionNode = FALSE
	EndGlobalSection
EndGlobal
